
Microsoft Visual Studio Solution File, Format Version 12.00
# Visual Studio 2012
Project("{FAE04EC0-301F-11D3-BF4B-00C04F79EFBC}") = "N Queen Problem", "N Queen Problem\N Queen Problem.csproj", "{05F2268A-4FA8-4AA6-8593-82949FBEB9DC}"
EndProject
Global
	GlobalSection(SolutionConfigurationPlatforms) = preSolution
		Debug|Any CPU = Debug|Any CPU
		Release|Any CPU = Release|Any CPU
	EndGlobalSection
	GlobalSection(ProjectConfigurationPlatforms) = postSolution
		{05F2268A-4FA8-4AA6-8593-82949FBEB9DC}.Debug|Any CPU.ActiveCfg = Debug|Any CPU
		{05F2268A-4FA8-4AA6-8593-82949FBEB9DC}.Debug|Any CPU.Build.0 = Debug|Any CPU
		{05F2268A-4FA8-4AA6-8593-82949FBEB9DC}.Release|Any CPU.ActiveCfg = Release|Any CPU
		{05F2268A-4FA8-4AA6-8593-82949FBEB9DC}.Release|Any CPU.Build.0 = Release|Any CPU
	EndGlobalSection
	GlobalSection(SolutionProperties) = preSolution
		HideSolutionNode = FALSE
	EndGlobalSection
EndGlobal
